// !$*UTF8*$!
{
	archiveVersion = 1;
	classes = {
	};
	objectVersion = 55;
	objects = {

/* Begin PBXBuildFile section */
		32D697B928A953430006D6F0 /* PhilosopherQuotesApp.swift in Sources */ = {isa = PBXBuildFile; fileRef = 32D697B828A953430006D6F0 /* PhilosopherQuotesApp.swift */; };
		32D697BB28A953430006D6F0 /* ContentView.swift in Sources */ = {isa = PBXBuildFile; fileRef = 32D697BA28A953430006D6F0 /* ContentView.swift */; };
		32D697BD28A953440006D6F0 /* Assets.xcassets in Resources */ = {isa = PBXBuildFile; fileRef = 32D697BC28A953440006D6F0 /* Assets.xcassets */; };
		32D697C028A953440006D6F0 /* Preview Assets.xcassets in Resources */ = {isa = PBXBuildFile; fileRef = 32D697BF28A953440006D6F0 /* Preview Assets.xcassets */; };
		32D697CA28A953440006D6F0 /* PhilosopherQuotesTests.swift in Sources */ = {isa = PBXBuildFile; fileRef = 32D697C928A953440006D6F0 /* PhilosopherQuotesTests.swift */; };
		32D697D428A953440006D6F0 /* PhilosopherQuotesUITests.swift in Sources */ = {isa = PBXBuildFile; fileRef = 32D697D328A953440006D6F0 /* PhilosopherQuotesUITests.swift */; };
		32D697D628A953440006D6F0 /* PhilosopherQuotesUITestsLaunchTests.swift in Sources */ = {isa = PBXBuildFile; fileRef = 32D697D528A953440006D6F0 /* PhilosopherQuotesUITestsLaunchTests.swift */; };
/* End PBXBuildFile section */

/* Begin PBXContainerItemProxy section */
		32D697C628A953440006D6F0 /* PBXContainerItemProxy */ = {
			isa = PBXContainerItemProxy;
			containerPortal = 32D697AD28A953430006D6F0 /* Project object */;
			proxyType = 1;
			remoteGlobalIDString = 32D697B428A953430006D6F0;
			remoteInfo = PhilosopherQuotes;
		};
		32D697D028A953440006D6F0 /* PBXContainerItemProxy */ = {
			isa = PBXContainerItemProxy;
			containerPortal = 32D697AD28A953430006D6F0 /* Project object */;
			proxyType = 1;
			remoteGlobalIDString = 32D697B428A953430006D6F0;
			remoteInfo = PhilosopherQuotes;
		};
/* End PBXContainerItemProxy section */

/* Begin PBXFileReference section */
		32D697B528A953430006D6F0 /* PhilosopherQuotes.app */ = {isa = PBXFileReference; explicitFileType = wrapper.application; includeInIndex = 0; path = PhilosopherQuotes.app; sourceTree = BUILT_PRODUCTS_DIR; };
		32D697B828A953430006D6F0 /* PhilosopherQuotesApp.swift */ = {isa = PBXFileReference; lastKnownFileType = sourcecode.swift; path = PhilosopherQuotesApp.swift; sourceTree = "<group>"; };
		32D697BA28A953430006D6F0 /* ContentView.swift */ = {isa = PBXFileReference; lastKnownFileType = sourcecode.swift; path = ContentView.swift; sourceTree = "<group>"; };
		32D697BC28A953440006D6F0 /* Assets.xcassets */ = {isa = PBXFileReference; lastKnownFileType = folder.assetcatalog; path = Assets.xcassets; sourceTree = "<group>"; };
		32D697BF28A953440006D6F0 /* Preview Assets.xcassets */ = {isa = PBXFileReference; lastKnownFileType = folder.assetcatalog; path = "Preview Assets.xcassets"; sourceTree = "<group>"; };
		32D697C528A953440006D6F0 /* PhilosopherQuotesTests.xctest */ = {isa = PBXFileReference; explicitFileType = wrapper.cfbundle; includeInIndex = 0; path = PhilosopherQuotesTests.xctest; sourceTree = BUILT_PRODUCTS_DIR; };
		32D697C928A953440006D6F0 /* PhilosopherQuotesTests.swift */ = {isa = PBXFileReference; lastKnownFileType = sourcecode.swift; path = PhilosopherQuotesTests.swift; sourceTree = "<group>"; };
		32D697CF28A953440006D6F0 /* PhilosopherQuotesUITests.xctest */ = {isa = PBXFileReference; explicitFileType = wrapper.cfbundle; includeInIndex = 0; path = PhilosopherQuotesUITests.xctest; sourceTree = BUILT_PRODUCTS_DIR; };
		32D697D328A953440006D6F0 /* PhilosopherQuotesUITests.swift */ = {isa = PBXFileReference; lastKnownFileType = sourcecode.swift; path = PhilosopherQuotesUITests.swift; sourceTree = "<group>"; };
		32D697D528A953440006D6F0 /* PhilosopherQuotesUITestsLaunchTests.swift */ = {isa = PBXFileReference; lastKnownFileType = sourcecode.swift; path = PhilosopherQuotesUITestsLaunchTests.swift; sourceTree = "<group>"; };
/* End PBXFileReference section */

/* Begin PBXFrameworksBuildPhase section */
		32D697B228A953430006D6F0 /* Frameworks */ = {
			isa = PBXFrameworksBuildPhase;
			buildActionMask = 2147483647;
			files = (
			);
			runOnlyForDeploymentPostprocessing = 0;
		};
		32D697C228A953440006D6F0 /* Frameworks */ = {
			isa = PBXFrameworksBuildPhase;
			buildActionMask = 2147483647;
			files = (
			);
			runOnlyForDeploymentPostprocessing = 0;
		};
		32D697CC28A953440006D6F0 /* Frameworks */ = {
			isa = PBXFrameworksBuildPhase;
			buildActionMask = 2147483647;
			files = (
			);
			runOnlyForDeploymentPostprocessing = 0;
		};
/* End PBXFrameworksBuildPhase section */

/* Begin PBXGroup section */
		32D697AC28A953430006D6F0 = {
			isa = PBXGroup;
			children = (
				32D697B728A953430006D6F0 /* PhilosopherQuotes */,
				32D697C828A953440006D6F0 /* PhilosopherQuotesTests */,
				32D697D228A953440006D6F0 /* PhilosopherQuotesUITests */,
				32D697B628A953430006D6F0 /* Products */,
			);
			sourceTree = "<group>";
		};
		32D697B628A953430006D6F0 /* Products */ = {
			isa = PBXGroup;
			children = (
				32D697B528A953430006D6F0 /* PhilosopherQuotes.app */,
				32D697C528A953440006D6F0 /* PhilosopherQuotesTests.xctest */,
				32D697CF28A953440006D6F0 /* PhilosopherQuotesUITests.xctest */,
			);
			name = Products;
			sourceTree = "<group>";
		};
		32D697B728A953430006D6F0 /* PhilosopherQuotes */ = {
			isa = PBXGroup;
			children = (
				32D697B828A953430006D6F0 /* PhilosopherQuotesApp.swift */,
				32D697BA28A953430006D6F0 /* ContentView.swift */,
				32D697BC28A953440006D6F0 /* Assets.xcassets */,
				32D697BE28A953440006D6F0 /* Preview Content */,
			);
			path = PhilosopherQuotes;
			sourceTree = "<group>";
		};
		32D697BE28A953440006D6F0 /* Preview Content */ = {
			isa = PBXGroup;
			children = (
				32D697BF28A953440006D6F0 /* Preview Assets.xcassets */,
			);
			path = "Preview Content";
			sourceTree = "<group>";
		};
		32D697C828A953440006D6F0 /* PhilosopherQuotesTests */ = {
			isa = PBXGroup;
			children = (
				32D697C928A953440006D6F0 /* PhilosopherQuotesTests.swift */,
			);
			path = PhilosopherQuotesTests;
			sourceTree = "<group>";
		};
		32D697D228A953440006D6F0 /* PhilosopherQuotesUITests */ = {
			isa = PBXGroup;
			children = (
				32D697D328A953440006D6F0 /* PhilosopherQuotesUITests.swift */,
				32D697D528A953440006D6F0 /* PhilosopherQuotesUITestsLaunchTests.swift */,
			);
			path = PhilosopherQuotesUITests;
			sourceTree = "<group>";
		};
/* End PBXGroup section */

/* Begin PBXNativeTarget section */
		32D697B428A953430006D6F0 /* PhilosopherQuotes */ = {
			isa = PBXNativeTarget;
			buildConfigurationList = 32D697D928A953440006D6F0 /* Build configuration list for PBXNativeTarget "PhilosopherQuotes" */;
			buildPhases = (
				32D697B128A953430006D6F0 /* Sources */,
				32D697B228A953430006D6F0 /* Frameworks */,
				32D697B328A953430006D6F0 /* Resources */,
			);
			buildRules = (
			);
			dependencies = (
			);
			name = PhilosopherQuotes;
			productName = PhilosopherQuotes;
			productReference = 32D697B528A953430006D6F0 /* PhilosopherQuotes.app */;
			productType = "com.apple.product-type.application";
		};
		32D697C428A953440006D6F0 /* PhilosopherQuotesTests */ = {
			isa = PBXNativeTarget;
			buildConfigurationList = 32D697DC28A953440006D6F0 /* Build configuration list for PBXNativeTarget "PhilosopherQuotesTests" */;
			buildPhases = (
				32D697C128A953440006D6F0 /* Sources */,
				32D697C228A953440006D6F0 /* Frameworks */,
				32D697C328A953440006D6F0 /* Resources */,
			);
			buildRules = (
			);
			dependencies = (
				32D697C728A953440006D6F0 /* PBXTargetDependency */,
			);
			name = PhilosopherQuotesTests;
			productName = PhilosopherQuotesTests;
			productReference = 32D697C528A953440006D6F0 /* PhilosopherQuotesTests.xctest */;
			productType = "com.apple.product-type.bundle.unit-test";
		};
		32D697CE28A953440006D6F0 /* PhilosopherQuotesUITests */ = {
			isa = PBXNativeTarget;
			buildConfigurationList = 32D697DF28A953440006D6F0 /* Build configuration list for PBXNativeTarget "PhilosopherQuotesUITests" */;
			buildPhases = (
				32D697CB28A953440006D6F0 /* Sources */,
				32D697CC28A953440006D6F0 /* Frameworks */,
				32D697CD28A953440006D6F0 /* Resources */,
			);
			buildRules = (
			);
			dependencies = (
				32D697D128A953440006D6F0 /* PBXTargetDependency */,
			);
			name = PhilosopherQuotesUITests;
			productName = PhilosopherQuotesUITests;
			productReference = 32D697CF28A953440006D6F0 /* PhilosopherQuotesUITests.xctest */;
			productType = "com.apple.product-type.bundle.ui-testing";
		};
/* End PBXNativeTarget section */

/* Begin PBXProject section */
		32D697AD28A953430006D6F0 /* Project object */ = {
			isa = PBXProject;
			attributes = {
				BuildIndependentTargetsInParallel = 1;
				LastSwiftUpdateCheck = 1320;
				LastUpgradeCheck = 1320;
				TargetAttributes = {
					32D697B428A953430006D6F0 = {
						CreatedOnToolsVersion = 13.2.1;
					};
					32D697C428A953440006D6F0 = {
						CreatedOnToolsVersion = 13.2.1;
						TestTargetID = 32D697B428A953430006D6F0;
					};
					32D697CE28A953440006D6F0 = {
						CreatedOnToolsVersion = 13.2.1;
						TestTargetID = 32D697B428A953430006D6F0;
					};
				};
			};
			buildConfigurationList = 32D697B028A953430006D6F0 /* Build configuration list for PBXProject "PhilosopherQuotes" */;
			compatibilityVersion = "Xcode 13.0";
			developmentRegion = en;
			hasScannedForEncodings = 0;
			knownRegions = (
				en,
				Base,
			);
			mainGroup = 32D697AC28A953430006D6F0;
			productRefGroup = 32D697B628A953430006D6F0 /* Products */;
			projectDirPath = "";
			projectRoot = "";
			targets = (
				32D697B428A953430006D6F0 /* PhilosopherQuotes */,
				32D697C428A953440006D6F0 /* PhilosopherQuotesTests */,
				32D697CE28A953440006D6F0 /* PhilosopherQuotesUITests */,
			);
		};
/* End PBXProject section */

/* Begin PBXResourcesBuildPhase section */
		32D697B328A953430006D6F0 /* Resources */ = {
			isa = PBXResourcesBuildPhase;
			buildActionMask = 2147483647;
			files = (
				32D697C028A953440006D6F0 /* Preview Assets.xcassets in Resources */,
				32D697BD28A953440006D6F0 /* Assets.xcassets in Resources */,
			);
			runOnlyForDeploymentPostprocessing = 0;
		};
		32D697C328A953440006D6F0 /* Resources */ = {
			isa = PBXResourcesBuildPhase;
			buildActionMask = 2147483647;
			files = (
			);
			runOnlyForDeploymentPostprocessing = 0;
		};
		32D697CD28A953440006D6F0 /* Resources */ = {
			isa = PBXResourcesBuildPhase;
			buildActionMask = 2147483647;
			files = (
			);
			runOnlyForDeploymentPostprocessing = 0;
		};
/* End PBXResourcesBuildPhase section */

/* Begin PBXSourcesBuildPhase section */
		32D697B128A953430006D6F0 /* Sources */ = {
			isa = PBXSourcesBuildPhase;
			buildActionMask = 2147483647;
			files = (
				32D697BB28A953430006D6F0 /* ContentView.swift in Sources */,
				32D697B928A953430006D6F0 /* PhilosopherQuotesApp.swift in Sources */,
			);
			runOnlyForDeploymentPostprocessing = 0;
		};
		32D697C128A953440006D6F0 /* Sources */ = {
			isa = PBXSourcesBuildPhase;
			buildActionMask = 2147483647;
			files = (
				32D697CA28A953440006D6F0 /* PhilosopherQuotesTests.swift in Sources */,
			);
			runOnlyForDeploymentPostprocessing = 0;
		};
		32D697CB28A953440006D6F0 /* Sources */ = {
			isa = PBXSourcesBuildPhase;
			buildActionMask = 2147483647;
			files = (
				32D697D428A953440006D6F0 /* PhilosopherQuotesUITests.swift in Sources */,
				32D697D628A953440006D6F0 /* PhilosopherQuotesUITestsLaunchTests.swift in Sources */,
			);
			runOnlyForDeploymentPostprocessing = 0;
		};
/* End PBXSourcesBuildPhase section */

/* Begin PBXTargetDependency section */
		32D697C728A953440006D6F0 /* PBXTargetDependency */ = {
			isa = PBXTargetDependency;
			target = 32D697B428A953430006D6F0 /* PhilosopherQuotes */;
			targetProxy = 32D697C628A953440006D6F0 /* PBXContainerItemProxy */;
		};
		32D697D128A953440006D6F0 /* PBXTargetDependency */ = {
			isa = PBXTargetDependency;
			target = 32D697B428A953430006D6F0 /* PhilosopherQuotes */;
			targetProxy = 32D697D028A953440006D6F0 /* PBXContainerItemProxy */;
		};
/* End PBXTargetDependency section */

/* Begin XCBuildConfiguration section */
		32D697D728A953440006D6F0 /* Debug */ = {
			isa = XCBuildConfiguration;
			buildSettings = {
				ALWAYS_SEARCH_USER_PATHS = NO;
				CLANG_ANALYZER_NONNULL = YES;
				CLANG_ANALYZER_NUMBER_OBJECT_CONVERSION = YES_AGGRESSIVE;
				CLANG_CXX_LANGUAGE_STANDARD = "gnu++17";
				CLANG_CXX_LIBRARY = "libc++";
				CLANG_ENABLE_MODULES = YES;
				CLANG_ENABLE_OBJC_ARC = YES;
				CLANG_ENABLE_OBJC_WEAK = YES;
				CLANG_WARN_BLOCK_CAPTURE_AUTORELEASING = YES;
				CLANG_WARN_BOOL_CONVERSION = YES;
				CLANG_WARN_COMMA = YES;
				CLANG_WARN_CONSTANT_CONVERSION = YES;
				CLANG_WARN_DEPRECATED_OBJC_IMPLEMENTATIONS = YES;
				CLANG_WARN_DIRECT_OBJC_ISA_USAGE = YES_ERROR;
				CLANG_WARN_DOCUMENTATION_COMMENTS = YES;
				CLANG_WARN_EMPTY_BODY = YES;
				CLANG_WARN_ENUM_CONVERSION = YES;
				CLANG_WARN_INFINITE_RECURSION = YES;
				CLANG_WARN_INT_CONVERSION = YES;
				CLANG_WARN_NON_LITERAL_NULL_CONVERSION = YES;
				CLANG_WARN_OBJC_IMPLICIT_RETAIN_SELF = YES;
				CLANG_WARN_OBJC_LITERAL_CONVERSION = YES;
				CLANG_WARN_OBJC_ROOT_CLASS = YES_ERROR;
				CLANG_WARN_QUOTED_INCLUDE_IN_FRAMEWORK_HEADER = YES;
				CLANG_WARN_RANGE_LOOP_ANALYSIS = YES;
				CLANG_WARN_STRICT_PROTOTYPES = YES;
				CLANG_WARN_SUSPICIOUS_MOVE = YES;
				CLANG_WARN_UNGUARDED_AVAILABILITY = YES_AGGRESSIVE;
				CLANG_WARN_UNREACHABLE_CODE = YES;
				CLANG_WARN__DUPLICATE_METHOD_MATCH = YES;
				COPY_PHASE_STRIP = NO;
				DEBUG_INFORMATION_FORMAT = dwarf;
				ENABLE_STRICT_OBJC_MSGSEND = YES;
				ENABLE_TESTABILITY = YES;
				GCC_C_LANGUAGE_STANDARD = gnu11;
				GCC_DYNAMIC_NO_PIC = NO;
				GCC_NO_COMMON_BLOCKS = YES;
				GCC_OPTIMIZATION_LEVEL = 0;
				GCC_PREPROCESSOR_DEFINITIONS = (
					"DEBUG=1",
					"$(inherited)",
				);
				GCC_WARN_64_TO_32_BIT_CONVERSION = YES;
				GCC_WARN_ABOUT_RETURN_TYPE = YES_ERROR;
				GCC_WARN_UNDECLARED_SELECTOR = YES;
				GCC_WARN_UNINITIALIZED_AUTOS = YES_AGGRESSIVE;
				GCC_WARN_UNUSED_FUNCTION = YES;
				GCC_WARN_UNUSED_VARIABLE = YES;
				IPHONEOS_DEPLOYMENT_TARGET = 15.2;
				MTL_ENABLE_DEBUG_INFO = INCLUDE_SOURCE;
				MTL_FAST_MATH = YES;
				ONLY_ACTIVE_ARCH = YES;
				SDKROOT = iphoneos;
				SWIFT_ACTIVE_COMPILATION_CONDITIONS = DEBUG;
				SWIFT_OPTIMIZATION_LEVEL = "-Onone";
			};
			name = Debug;
		};
		32D697D828A953440006D6F0 /* Release */ = {
			isa = XCBuildConfiguration;
			buildSettings = {
				ALWAYS_SEARCH_USER_PATHS = NO;
				CLANG_ANALYZER_NONNULL = YES;
				CLANG_ANALYZER_NUMBER_OBJECT_CONVERSION = YES_AGGRESSIVE;
				CLANG_CXX_LANGUAGE_STANDARD = "gnu++17";
				CLANG_CXX_LIBRARY = "libc++";
				CLANG_ENABLE_MODULES = YES;
				CLANG_ENABLE_OBJC_ARC = YES;
				CLANG_ENABLE_OBJC_WEAK = YES;
				CLANG_WARN_BLOCK_CAPTURE_AUTORELEASING = YES;
				CLANG_WARN_BOOL_CONVERSION = YES;
				CLANG_WARN_COMMA = YES;
				CLANG_WARN_CONSTANT_CONVERSION = YES;
				CLANG_WARN_DEPRECATED_OBJC_IMPLEMENTATIONS = YES;
				CLANG_WARN_DIRECT_OBJC_ISA_USAGE = YES_ERROR;
				CLANG_WARN_DOCUMENTATION_COMMENTS = YES;
				CLANG_WARN_EMPTY_BODY = YES;
				CLANG_WARN_ENUM_CONVERSION = YES;
				CLANG_WARN_INFINITE_RECURSION = YES;
				CLANG_WARN_INT_CONVERSION = YES;
				CLANG_WARN_NON_LITERAL_NULL_CONVERSION = YES;
				CLANG_WARN_OBJC_IMPLICIT_RETAIN_SELF = YES;
				CLANG_WARN_OBJC_LITERAL_CONVERSION = YES;
				CLANG_WARN_OBJC_ROOT_CLASS = YES_ERROR;
				CLANG_WARN_QUOTED_INCLUDE_IN_FRAMEWORK_HEADER = YES;
				CLANG_WARN_RANGE_LOOP_ANALYSIS = YES;
				CLANG_WARN_STRICT_PROTOTYPES = YES;
				CLANG_WARN_SUSPICIOUS_MOVE = YES;
				CLANG_WARN_UNGUARDED_AVAILABILITY = YES_AGGRESSIVE;
				CLANG_WARN_UNREACHABLE_CODE = YES;
				CLANG_WARN__DUPLICATE_METHOD_MATCH = YES;
				COPY_PHASE_STRIP = NO;
				DEBUG_INFORMATION_FORMAT = "dwarf-with-dsym";
				ENABLE_NS_ASSERTIONS = NO;
				ENABLE_STRICT_OBJC_MSGSEND = YES;
				GCC_C_LANGUAGE_STANDARD = gnu11;
				GCC_NO_COMMON_BLOCKS = YES;
				GCC_WARN_64_TO_32_BIT_CONVERSION = YES;
				GCC_WARN_ABOUT_RETURN_TYPE = YES_ERROR;
				GCC_WARN_UNDECLARED_SELECTOR = YES;
				GCC_WARN_UNINITIALIZED_AUTOS = YES_AGGRESSIVE;
				GCC_WARN_UNUSED_FUNCTION = YES;
				GCC_WARN_UNUSED_VARIABLE = YES;
				IPHONEOS_DEPLOYMENT_TARGET = 15.2;
				MTL_ENABLE_DEBUG_INFO = NO;
				MTL_FAST_MATH = YES;
				SDKROOT = iphoneos;
				SWIFT_COMPILATION_MODE = wholemodule;
				SWIFT_OPTIMIZATION_LEVEL = "-O";
				VALIDATE_PRODUCT = YES;
			};
			name = Release;
		};
		32D697DA28A953440006D6F0 /* Debug */ = {
			isa = XCBuildConfiguration;
			buildSettings = {
				ASSETCATALOG_COMPILER_APPICON_NAME = AppIcon;
				ASSETCATALOG_COMPILER_GLOBAL_ACCENT_COLOR_NAME = AccentColor;
				CODE_SIGN_STYLE = Automatic;
				CURRENT_PROJECT_VERSION = 1;
				DEVELOPMENT_ASSET_PATHS = "\"PhilosopherQuotes/Preview Content\"";
				ENABLE_PREVIEWS = YES;
				GENERATE_INFOPLIST_FILE = YES;
				INFOPLIST_KEY_UIApplicationSceneManifest_Generation = YES;
				INFOPLIST_KEY_UIApplicationSupportsIndirectInputEvents = YES;
				INFOPLIST_KEY_UILaunchScreen_Generation = YES;
				INFOPLIST_KEY_UISupportedInterfaceOrientations_iPad = "UIInterfaceOrientationPortrait UIInterfaceOrientationPortraitUpsideDown UIInterfaceOrientationLandscapeLeft UIInterfaceOrientationLandscapeRight";
				INFOPLIST_KEY_UISupportedInterfaceOrientations_iPhone = "UIInterfaceOrientationPortrait UIInterfaceOrientationLandscapeLeft UIInterfaceOrientationLandscapeRight";
				LD_RUNPATH_SEARCH_PATHS = (
					"$(inherited)",
					"@executable_path/Frameworks",
				);
				MARKETING_VERSION = 1.0;
				PRODUCT_BUNDLE_IDENTIFIER = EpicDudes.PhilosopherQuotes;
				PRODUCT_NAME = "$(TARGET_NAME)";
				SWIFT_EMIT_LOC_STRINGS = YES;
				SWIFT_VERSION = 5.0;
				TARGETED_DEVICE_FAMILY = "1,2";
			};
			name = Debug;
		};
		32D697DB28A953440006D6F0 /* Release */ = {
			isa = XCBuildConfiguration;
			buildSettings = {
				ASSETCATALOG_COMPILER_APPICON_NAME = AppIcon;
				ASSETCATALOG_COMPILER_GLOBAL_ACCENT_COLOR_NAME = AccentColor;
				CODE_SIGN_STYLE = Automatic;
				CURRENT_PROJECT_VERSION = 1;
				DEVELOPMENT_ASSET_PATHS = "\"PhilosopherQuotes/Preview Content\"";
				ENABLE_PREVIEWS = YES;
				GENERATE_INFOPLIST_FILE = YES;
				INFOPLIST_KEY_UIApplicationSceneManifest_Generation = YES;
				INFOPLIST_KEY_UIApplicationSupportsIndirectInputEvents = YES;
				INFOPLIST_KEY_UILaunchScreen_Generation = YES;
				INFOPLIST_KEY_UISupportedInterfaceOrientations_iPad = "UIInterfaceOrientationPortrait UIInterfaceOrientationPortraitUpsideDown UIInterfaceOrientationLandscapeLeft UIInterfaceOrientationLandscapeRight";
				INFOPLIST_KEY_UISupportedInterfaceOrientations_iPhone = "UIInterfaceOrientationPortrait UIInterfaceOrientationLandscapeLeft UIInterfaceOrientationLandscapeRight";
				LD_RUNPATH_SEARCH_PATHS = (
					"$(inherited)",
					"@executable_path/Frameworks",
				);
				MARKETING_VERSION = 1.0;
				PRODUCT_BUNDLE_IDENTIFIER = EpicDudes.PhilosopherQuotes;
				PRODUCT_NAME = "$(TARGET_NAME)";
				SWIFT_EMIT_LOC_STRINGS = YES;
				SWIFT_VERSION = 5.0;
				TARGETED_DEVICE_FAMILY = "1,2";
			};
			name = Release;
		};
		32D697DD28A953440006D6F0 /* Debug */ = {
			isa = XCBuildConfiguration;
			buildSettings = {
				ALWAYS_EMBED_SWIFT_STANDARD_LIBRARIES = YES;
				BUNDLE_LOADER = "$(TEST_HOST)";
				CODE_SIGN_STYLE = Automatic;
				CURRENT_PROJECT_VERSION = 1;
				GENERATE_INFOPLIST_FILE = YES;
				IPHONEOS_DEPLOYMENT_TARGET = 15.2;
				MARKETING_VERSION = 1.0;
				PRODUCT_BUNDLE_IDENTIFIER = EpicDudes.PhilosopherQuotesTests;
				PRODUCT_NAME = "$(TARGET_NAME)";
				SWIFT_EMIT_LOC_STRINGS = NO;
				SWIFT_VERSION = 5.0;
				TARGETED_DEVICE_FAMILY = "1,2";
				TEST_HOST = "$(BUILT_PRODUCTS_DIR)/PhilosopherQuotes.app/PhilosopherQuotes";
			};
			name = Debug;
		};
		32D697DE28A953440006D6F0 /* Release */ = {
			isa = XCBuildConfiguration;
			buildSettings = {
				ALWAYS_EMBED_SWIFT_STANDARD_LIBRARIES = YES;
				BUNDLE_LOADER = "$(TEST_HOST)";
				CODE_SIGN_STYLE = Automatic;
				CURRENT_PROJECT_VERSION = 1;
				GENERATE_INFOPLIST_FILE = YES;
				IPHONEOS_DEPLOYMENT_TARGET = 15.2;
				MARKETING_VERSION = 1.0;
				PRODUCT_BUNDLE_IDENTIFIER = EpicDudes.PhilosopherQuotesTests;
				PRODUCT_NAME = "$(TARGET_NAME)";
				SWIFT_EMIT_LOC_STRINGS = NO;
				SWIFT_VERSION = 5.0;
				TARGETED_DEVICE_FAMILY = "1,2";
				TEST_HOST = "$(BUILT_PRODUCTS_DIR)/PhilosopherQuotes.app/PhilosopherQuotes";
			};
			name = Release;
		};
		32D697E028A953440006D6F0 /* Debug */ = {
			isa = XCBuildConfiguration;
			buildSettings = {
				ALWAYS_EMBED_SWIFT_STANDARD_LIBRARIES = YES;
				CODE_SIGN_STYLE = Automatic;
				CURRENT_PROJECT_VERSION = 1;
				GENERATE_INFOPLIST_FILE = YES;
				MARKETING_VERSION = 1.0;
				PRODUCT_BUNDLE_IDENTIFIER = EpicDudes.PhilosopherQuotesUITests;
				PRODUCT_NAME = "$(TARGET_NAME)";
				SWIFT_EMIT_LOC_STRINGS = NO;
				SWIFT_VERSION = 5.0;
				TARGETED_DEVICE_FAMILY = "1,2";
				TEST_TARGET_NAME = PhilosopherQuotes;
			};
			name = Debug;
		};
		32D697E128A953440006D6F0 /* Release */ = {
			isa = XCBuildConfiguration;
			buildSettings = {
				ALWAYS_EMBED_SWIFT_STANDARD_LIBRARIES = YES;
				CODE_SIGN_STYLE = Automatic;
				CURRENT_PROJECT_VERSION = 1;
				GENERATE_INFOPLIST_FILE = YES;
				MARKETING_VERSION = 1.0;
				PRODUCT_BUNDLE_IDENTIFIER = EpicDudes.PhilosopherQuotesUITests;
				PRODUCT_NAME = "$(TARGET_NAME)";
				SWIFT_EMIT_LOC_STRINGS = NO;
				SWIFT_VERSION = 5.0;
				TARGETED_DEVICE_FAMILY = "1,2";
				TEST_TARGET_NAME = PhilosopherQuotes;
			};
			name = Release;
		};
/* End XCBuildConfiguration section */

/* Begin XCConfigurationList section */
		32D697B028A953430006D6F0 /* Build configuration list for PBXProject "PhilosopherQuotes" */ = {
			isa = XCConfigurationList;
			buildConfigurations = (
				32D697D728A953440006D6F0 /* Debug */,
				32D697D828A953440006D6F0 /* Release */,
			);
			defaultConfigurationIsVisible = 0;
			defaultConfigurationName = Release;
		};
		32D697D928A953440006D6F0 /* Build configuration list for PBXNativeTarget "PhilosopherQuotes" */ = {
			isa = XCConfigurationList;
			buildConfigurations = (
				32D697DA28A953440006D6F0 /* Debug */,
				32D697DB28A953440006D6F0 /* Release */,
			);
			defaultConfigurationIsVisible = 0;
			defaultConfigurationName = Release;
		};
		32D697DC28A953440006D6F0 /* Build configuration list for PBXNativeTarget "PhilosopherQuotesTests" */ = {
			isa = XCConfigurationList;
			buildConfigurations = (
				32D697DD28A953440006D6F0 /* Debug */,
				32D697DE28A953440006D6F0 /* Release */,
			);
			defaultConfigurationIsVisible = 0;
			defaultConfigurationName = Release;
		};
		32D697DF28A953440006D6F0 /* Build configuration list for PBXNativeTarget "PhilosopherQuotesUITests" */ = {
			isa = XCConfigurationList;
			buildConfigurations = (
				32D697E028A953440006D6F0 /* Debug */,
				32D697E128A953440006D6F0 /* Release */,
			);
			defaultConfigurationIsVisible = 0;
			defaultConfigurationName = Release;
		};
/* End XCConfigurationList section */
	};
	rootObject = 32D697AD28A953430006D6F0 /* Project object */;
}
